lockfileVersion: 5.3

specifiers:
  '@iarna/toml': ^2.2.5
  sort-package-json: ^1.55.0

dependencies:
  '@iarna/toml': 2.2.5
  sort-package-json: 1.57.0

packages:
  /@iarna/toml/2.2.5:
    resolution:
      {
        integrity: sha512-trnsAYxU3xnS1gPHPyU961coFyLkh4gAD/0zQ5mymY4yOZ+CYvsPqUbOFSw0aDM4y0tV7tiFxL/1XfXPNC6IPg==
      }
    dev: false

  /@nodelib/fs.scandir/2.1.5:
    resolution:
      {
        integrity: sha512-vq24Bq3ym5HEQm2NKCr3yXDwjc7vTsEThRDnkp2DK9p1uqLR+DHurm/NOTo0KG7HYHU7eppKZj3MyqYuMBf62g==
      }
    engines: { node: '>= 8' }
    dependencies:
      '@nodelib/fs.stat': 2.0.5
      run-parallel: 1.2.0
    dev: false

  /@nodelib/fs.stat/2.0.5:
    resolution:
      {
        integrity: sha512-RkhPPp2zrqDAQA/2jNhnztcPAlv64XdhIp7a7454A5ovI7Bukxgt7MX7udwAu3zg1DcpPU0rz3VV1SeaqvY4+A==
      }
    engines: { node: '>= 8' }
    dev: false

  /@nodelib/fs.walk/1.2.8:
    resolution:
      {
        integrity: sha512-oGB+UxlgWcgQkgwo8GcEGwemoTFt3FIO9ababBmaGwXIoBKZ+GTy0pP185beGg7Llih/NSHSV2XAs1lnznocSg==
      }
    engines: { node: '>= 8' }
    dependencies:
      '@nodelib/fs.scandir': 2.1.5
      fastq: 1.13.0
    dev: false

  /@types/glob/7.2.0:
    resolution:
      {
        integrity: sha512-ZUxbzKl0IfJILTS6t7ip5fQQM/J3TJYubDm3nMbgubNNYS62eXeUpoLUC8/7fJNiFYHTrGPQn7hspDUzIHX3UA==
      }
    dependencies:
      '@types/minimatch': 3.0.5
      '@types/node': 17.0.31
    dev: false

  /@types/minimatch/3.0.5:
    resolution:
      {
        integrity: sha512-Klz949h02Gz2uZCMGwDUSDS1YBlTdDDgbWHi+81l29tQALUtvz4rAYi5uoVhE5Lagoq6DeqAUlbrHvW/mXDgdQ==
      }
    dev: false

  /@types/node/17.0.31:
    resolution:
      {
        integrity: sha512-AR0x5HbXGqkEx9CadRH3EBYx/VkiUgZIhP4wvPn/+5KIsgpNoyFaRlVe0Zlx9gRtg8fA06a9tskE2MSN7TcG4Q==
      }
    dev: false

  /array-union/2.1.0:
    resolution:
      {
        integrity: sha512-HGyxoOTYUyCM6stUe6EJgnd4EoewAI7zMdfqO+kGjnlZmBDz/cR5pf8r/cR4Wq60sL/p0IkcjUEEPwS3GFrIyw==
      }
    engines: { node: '>=8' }
    dev: false

  /balanced-match/1.0.2:
    resolution:
      {
        integrity: sha512-3oSeUO0TMV67hN1AmbXsK4yaqU7tjiHlbxRDZOpH0KW9+CeX4bRAaX0Anxt0tx2MrpRpWwQaPwIlISEJhYU5Pw==
      }
    dev: false

  /brace-expansion/1.1.11:
    resolution:
      {
        integrity: sha512-iCuPHDFgrHX7H2vEI/5xpz07zSHB00TpugqhmYtVmMO6518mCuRMoOYFldEBl0g187ufozdaHgWKcYFb61qGiA==
      }
    dependencies:
      balanced-match: 1.0.2
      concat-map: 0.0.1
    dev: false

  /braces/3.0.2:
    resolution:
      {
        integrity: sha512-b8um+L1RzM3WDSzvhm6gIz1yfTbBt6YTlcEKAvsmqCZZFw46z626lVj9j1yEPW33H5H+lBQpZMP1k8l+78Ha0A==
      }
    engines: { node: '>=8' }
    dependencies:
      fill-range: 7.0.1
    dev: false

  /concat-map/0.0.1:
    resolution: { integrity: sha1-2Klr13/Wjfd5OnMDajug1UBdR3s= }
    dev: false

  /detect-indent/6.1.0:
    resolution:
      {
        integrity: sha512-reYkTUJAZb9gUuZ2RvVCNhVHdg62RHnJ7WJl8ftMi4diZ6NWlciOzQN88pUhSELEwflJht4oQDv0F0BMlwaYtA==
      }
    engines: { node: '>=8' }
    dev: false

  /detect-newline/3.1.0:
    resolution:
      {
        integrity: sha512-TLz+x/vEXm/Y7P7wn1EJFNLxYpUD4TgMosxY6fAVJUnJMbupHBOncxyWUG9OpTaH9EBD7uFI5LfEgmMOc54DsA==
      }
    engines: { node: '>=8' }
    dev: false

  /dir-glob/3.0.1:
    resolution:
      {
        integrity: sha512-WkrWp9GR4KXfKGYzOLmTuGVi1UWFfws377n9cc55/tb6DuqyF6pcQ5AbiHEshaDpY9v6oaSr2XCDidGmMwdzIA==
      }
    engines: { node: '>=8' }
    dependencies:
      path-type: 4.0.0
    dev: false

  /fast-glob/3.2.11:
    resolution:
      {
        integrity: sha512-xrO3+1bxSo3ZVHAnqzyuewYT6aMFHRAd4Kcs92MAonjwQZLsK9d0SF1IyQ3k5PoirxTW0Oe/RqFgMQ6TcNE5Ew==
      }
    engines: { node: '>=8.6.0' }
    dependencies:
      '@nodelib/fs.stat': 2.0.5
      '@nodelib/fs.walk': 1.2.8
      glob-parent: 5.1.2
      merge2: 1.4.1
      micromatch: 4.0.5
    dev: false

  /fastq/1.13.0:
    resolution:
      {
        integrity: sha512-YpkpUnK8od0o1hmeSc7UUs/eB/vIPWJYjKck2QKIzAf71Vm1AAQ3EbuZB3g2JIy+pg+ERD0vqI79KyZiB2e2Nw==
      }
    dependencies:
      reusify: 1.0.4
    dev: false

  /fill-range/7.0.1:
    resolution:
      {
        integrity: sha512-qOo9F+dMUmC2Lcb4BbVvnKJxTPjCm+RRpe4gDuGrzkL7mEVl/djYSu2OdQ2Pa302N4oqkSg9ir6jaLWJ2USVpQ==
      }
    engines: { node: '>=8' }
    dependencies:
      to-regex-range: 5.0.1
    dev: false

  /fs.realpath/1.0.0:
    resolution: { integrity: sha1-FQStJSMVjKpA20onh8sBQRmU6k8= }
    dev: false

  /git-hooks-list/1.0.3:
    resolution:
      {
        integrity: sha512-Y7wLWcrLUXwk2noSka166byGCvhMtDRpgHdzCno1UQv/n/Hegp++a2xBWJL1lJarnKD3SWaljD+0z1ztqxuKyQ==
      }
    dev: false

  /glob-parent/5.1.2:
    resolution:
      {
        integrity: sha512-AOIgSQCepiJYwP3ARnGx+5VnTu2HBYdzbGP45eLw1vr3zB3vZLeyed1sC9hnbcOc9/SrMyM5RPQrkGz4aS9Zow==
      }
    engines: { node: '>= 6' }
    dependencies:
      is-glob: 4.0.3
    dev: false

  /glob/7.2.0:
    resolution:
      {
        integrity: sha512-lmLf6gtyrPq8tTjSmrO94wBeQbFR3HbLHbuyD69wuyQkImp2hWqMGB47OX65FBkPffO641IP9jWa1z4ivqG26Q==
      }
    dependencies:
      fs.realpath: 1.0.0
      inflight: 1.0.6
      inherits: 2.0.4
      minimatch: 3.1.2
      once: 1.4.0
      path-is-absolute: 1.0.1
    dev: false

  /globby/10.0.0:
    resolution:
      {
        integrity: sha512-3LifW9M4joGZasyYPz2A1U74zbC/45fvpXUvO/9KbSa+VV0aGZarWkfdgKyR9sExNP0t0x0ss/UMJpNpcaTspw==
      }
    engines: { node: '>=8' }
    dependencies:
      '@types/glob': 7.2.0
      array-union: 2.1.0
      dir-glob: 3.0.1
      fast-glob: 3.2.11
      glob: 7.2.0
      ignore: 5.2.0
      merge2: 1.4.1
      slash: 3.0.0
    dev: false

  /ignore/5.2.0:
    resolution:
      {
        integrity: sha512-CmxgYGiEPCLhfLnpPp1MoRmifwEIOgjcHXxOBjv7mY96c+eWScsOP9c112ZyLdWHi0FxHjI+4uVhKYp/gcdRmQ==
      }
    engines: { node: '>= 4' }
    dev: false

  /inflight/1.0.6:
    resolution: { integrity: sha1-Sb1jMdfQLQwJvJEKEHW6gWW1bfk= }
    dependencies:
      once: 1.4.0
      wrappy: 1.0.2
    dev: false

  /inherits/2.0.4:
    resolution:
      {
        integrity: sha512-k/vGaX4/Yla3WzyMCvTQOXYeIHvqOKtnqBduzTHpzpQZzAskKMhZ2K+EnBiSM9zGSoIFeMpXKxa4dYeZIQqewQ==
      }
    dev: false

  /is-extglob/2.1.1:
    resolution: { integrity: sha1-qIwCU1eR8C7TfHahueqXc8gz+MI= }
    engines: { node: '>=0.10.0' }
    dev: false

  /is-glob/4.0.3:
    resolution:
      {
        integrity: sha512-xelSayHH36ZgE7ZWhli7pW34hNbNl8Ojv5KVmkJD4hBdD3th8Tfk9vYasLM+mXWOZhFkgZfxhLSnrwRr4elSSg==
      }
    engines: { node: '>=0.10.0' }
    dependencies:
      is-extglob: 2.1.1
    dev: false

  /is-number/7.0.0:
    resolution:
      {
        integrity: sha512-41Cifkg6e8TylSpdtTpeLVMqvSBEVzTttHvERD741+pnZ8ANv0004MRL43QKPDlK9cGvNp6NZWZUBlbGXYxxng==
      }
    engines: { node: '>=0.12.0' }
    dev: false

  /is-plain-obj/2.1.0:
    resolution:
      {
        integrity: sha512-YWnfyRwxL/+SsrWYfOpUtz5b3YD+nyfkHvjbcanzk8zgyO4ASD67uVMRt8k5bM4lLMDnXfriRhOpemw+NfT1eA==
      }
    engines: { node: '>=8' }
    dev: false

  /merge2/1.4.1:
    resolution:
      {
        integrity: sha512-8q7VEgMJW4J8tcfVPy8g09NcQwZdbwFEqhe/WZkoIzjn/3TGDwtOCYtXGxA3O8tPzpczCCDgv+P2P5y00ZJOOg==
      }
    engines: { node: '>= 8' }
    dev: false

  /micromatch/4.0.5:
    resolution:
      {
        integrity: sha512-DMy+ERcEW2q8Z2Po+WNXuw3c5YaUSFjAO5GsJqfEl7UjvtIuFKO6ZrKvcItdy98dwFI2N1tg3zNIdKaQT+aNdA==
      }
    engines: { node: '>=8.6' }
    dependencies:
      braces: 3.0.2
      picomatch: 2.3.1
    dev: false

  /minimatch/3.1.2:
    resolution:
      {
        integrity: sha512-J7p63hRiAjw1NDEww1W7i37+ByIrOWO5XQQAzZ3VOcL0PNybwpfmV/N05zFAzwQ9USyEcX6t3UO+K5aqBQOIHw==
      }
    dependencies:
      brace-expansion: 1.1.11
    dev: false

  /once/1.4.0:
    resolution: { integrity: sha1-WDsap3WWHUsROsF9nFC6753Xa9E= }
    dependencies:
      wrappy: 1.0.2
    dev: false

  /path-is-absolute/1.0.1:
    resolution: { integrity: sha1-F0uSaHNVNP+8es5r9TpanhtcX18= }
    engines: { node: '>=0.10.0' }
    dev: false

  /path-type/4.0.0:
    resolution:
      {
        integrity: sha512-gDKb8aZMDeD/tZWs9P6+q0J9Mwkdl6xMV8TjnGP3qJVJ06bdMgkbBlLU8IdfOsIsFz2BW1rNVT3XuNEl8zPAvw==
      }
    engines: { node: '>=8' }
    dev: false

  /picomatch/2.3.1:
    resolution:
      {
        integrity: sha512-JU3teHTNjmE2VCGFzuY8EXzCDVwEqB2a8fsIvwaStHhAWJEeVd1o1QD80CU6+ZdEXXSLbSsuLwJjkCBWqRQUVA==
      }
    engines: { node: '>=8.6' }
    dev: false

  /queue-microtask/1.2.3:
    resolution:
      {
        integrity: sha512-NuaNSa6flKT5JaSYQzJok04JzTL1CA6aGhv5rfLW3PgqA+M2ChpZQnAC8h8i4ZFkBS8X5RqkDBHA7r4hej3K9A==
      }
    dev: false

  /reusify/1.0.4:
    resolution:
      {
        integrity: sha512-U9nH88a3fc/ekCF1l0/UP1IosiuIjyTh7hBvXVMHYgVcfGvt897Xguj2UOLDeI5BG2m7/uwyaLVT6fbtCwTyzw==
      }
    engines: { iojs: '>=1.0.0', node: '>=0.10.0' }
    dev: false

  /run-parallel/1.2.0:
    resolution:
      {
        integrity: sha512-5l4VyZR86LZ/lDxZTR6jqL8AFE2S0IFLMP26AbjsLVADxHdhB/c0GUsH+y39UfCi3dzz8OlQuPmnaJOMoDHQBA==
      }
    dependencies:
      queue-microtask: 1.2.3
    dev: false

  /slash/3.0.0:
    resolution:
      {
        integrity: sha512-g9Q1haeby36OSStwb4ntCGGGaKsaVSjQ68fBxoQcutl5fS1vuY18H3wSt3jFyFtrkx+Kz0V1G85A4MyAdDMi2Q==
      }
    engines: { node: '>=8' }
    dev: false

  /sort-object-keys/1.1.3:
    resolution:
      {
        integrity: sha512-855pvK+VkU7PaKYPc+Jjnmt4EzejQHyhhF33q31qG8x7maDzkeFhAAThdCYay11CISO+qAMwjOBP+fPZe0IPyg==
      }
    dev: false

  /sort-package-json/1.57.0:
    resolution:
      {
        integrity: sha512-FYsjYn2dHTRb41wqnv+uEqCUvBpK3jZcTp9rbz2qDTmel7Pmdtf+i2rLaaPMRZeSVM60V3Se31GyWFpmKs4Q5Q==
      }
    hasBin: true
    dependencies:
      detect-indent: 6.1.0
      detect-newline: 3.1.0
      git-hooks-list: 1.0.3
      globby: 10.0.0
      is-plain-obj: 2.1.0
      sort-object-keys: 1.1.3
    dev: false

  /to-regex-range/5.0.1:
    resolution:
      {
        integrity: sha512-65P7iz6X5yEr1cwcgvQxbbIw7Uk3gOy5dIdtZ4rDveLqhrdJP+Li/Hx6tyK0NEb+2GCyneCMJiGqrADCSNk8sQ==
      }
    engines: { node: '>=8.0' }
    dependencies:
      is-number: 7.0.0
    dev: false

  /wrappy/1.0.2:
    resolution: { integrity: sha1-tSQ9jz7BqjXxNkYFvA0QNuMKtp8= }
    dev: false
